
Microsoft Visual Studio Solution File, Format Version 12.00
# Visual Studio 14
VisualStudioVersion = 14.0.23107.0
MinimumVisualStudioVersion = 10.0.40219.1
Project("{FAE04EC0-301F-11D3-BF4B-00C04F79EFBC}") = "Summer.System", "Summer.System\Summer.System.csproj", "{CD89E930-B8EF-48AF-9EFE-D78EFB313C76}"
EndProject
Project("{FAE04EC0-301F-11D3-BF4B-00C04F79EFBC}") = "Summer.ES", "Summer.ES\Summer.ES.csproj", "{38BCD58B-3924-4F7A-9F80-ABBDDB0A8733}"
EndProject
Project("{FAE04EC0-301F-11D3-BF4B-00C04F79EFBC}") = "Summer.Web", "Summer.Web\Summer.Web.csproj", "{BC3ABAF6-2430-4770-A9DE-BEB39D4E5ED8}"
EndProject
Project("{FAE04EC0-301F-11D3-BF4B-00C04F79EFBC}") = "Summer.UI", "Summer.UI\Summer.UI.csproj", "{052319C6-E01F-4B28-969B-B9101878F67A}"
EndProject
Project("{2150E333-8FDC-42A3-9474-1A3956D46DE8}") = "Documents", "Documents", "{BAD78ADE-D0C0-4B8F-A925-6F94CBC5EB39}"
EndProject
Project("{2150E333-8FDC-42A3-9474-1A3956D46DE8}") = "HW", "HW", "{3128B517-CD5F-4A37-90EB-E184E556CB74}"
EndProject
Project("{FAE04EC0-301F-11D3-BF4B-00C04F79EFBC}") = "HW.HTUP", "HW.HTUP\HW.HTUP.csproj", "{ECBC6249-B354-44FD-83C5-78ECD9FE473A}"
EndProject
Project("{2150E333-8FDC-42A3-9474-1A3956D46DE8}") = "规定", "规定", "{0BD50488-BF13-47E7-AC41-17532EE9585D}"
	ProjectSection(SolutionItems) = preProject
		Document\C#编码规范v1.1.doc = Document\C#编码规范v1.1.doc
	EndProjectSection
EndProject
Project("{2150E333-8FDC-42A3-9474-1A3956D46DE8}") = "会议纪要", "会议纪要", "{43E998BA-26C7-4E95-8CEC-614F0BA3075B}"
	ProjectSection(SolutionItems) = preProject
		Document\会议纪要\Summer愿景.pptx = Document\会议纪要\Summer愿景.pptx
		Document\会议纪要\Week14：Summer启动会.docx = Document\会议纪要\Week14：Summer启动会.docx
		Document\会议纪要\Week16：双周例会.docx = Document\会议纪要\Week16：双周例会.docx
		Document\会议纪要\Week18：双周例会.docx = Document\会议纪要\Week18：双周例会.docx
	EndProjectSection
EndProject
Project("{2150E333-8FDC-42A3-9474-1A3956D46DE8}") = "培训文档", "培训文档", "{3F5ACB6D-5853-4C87-8F0F-A2B266008CEF}"
	ProjectSection(SolutionItems) = preProject
		Document\培训文档\Spring.net中文文档.chm = Document\培训文档\Spring.net中文文档.chm
		Document\培训文档\Summer之多线程.pptx = Document\培训文档\Summer之多线程.pptx
		Document\培训文档\第一讲：Spring.NET之IoC.pptx = Document\培训文档\第一讲：Spring.NET之IoC.pptx
		Document\培训文档\第二讲：Summer之Log4net.pptx = Document\培训文档\第二讲：Summer之Log4net.pptx
	EndProjectSection
EndProject
Project("{2150E333-8FDC-42A3-9474-1A3956D46DE8}") = "工具", "工具", "{87D987FC-4BEC-4C0A-991E-2E46E2F4EBC2}"
	ProjectSection(SolutionItems) = preProject
		Document\工具\baretail.exe = Document\工具\baretail.exe
		Document\工具\FSEX300.ttf = Document\工具\FSEX300.ttf
	EndProjectSection
EndProject
Project("{2150E333-8FDC-42A3-9474-1A3956D46DE8}") = "Demo", "Demo", "{FE74BC2D-B74D-4B99-BE6A-82B826CC177C}"
EndProject
Project("{FAE04EC0-301F-11D3-BF4B-00C04F79EFBC}") = "Demo.Summer.System.Log", "Demo.Summer.System.Log\Demo.Summer.System.Log.csproj", "{F4C629F0-9B0B-4254-A8E1-B5D8960E6337}"
EndProject
Project("{FAE04EC0-301F-11D3-BF4B-00C04F79EFBC}") = "Demo.PDF", "Demo.PDF\Demo.PDF.csproj", "{080D76B7-25C3-4A87-8048-FD80F87E7EBA}"
EndProject
Project("{FAE04EC0-301F-11D3-BF4B-00C04F79EFBC}") = "Demo.Zip", "Demo.Zip\Demo.Zip.csproj", "{85A55470-E922-4E9E-BB72-CF6E1D06B344}"
EndProject
Project("{FAE04EC0-301F-11D3-BF4B-00C04F79EFBC}") = "Demo.MiniDump", "Demo.MiniDump\Demo.MiniDump.csproj", "{F2CBAEDF-3E6A-40CE-A85F-B5A9F7EB1877}"
EndProject
Project("{FAE04EC0-301F-11D3-BF4B-00C04F79EFBC}") = "Demo.GDI", "Demo.GDI\Demo.GDI.csproj", "{2F6FDF12-11BD-4CC8-8804-73A7210CEE3E}"
EndProject
Project("{FAE04EC0-301F-11D3-BF4B-00C04F79EFBC}") = "Demo.Animation", "Demo.Animation\Demo.Animation.csproj", "{E5AF983C-818B-4831-9CB9-003E3C47C9B1}"
EndProject
Project("{FAE04EC0-301F-11D3-BF4B-00C04F79EFBC}") = "Demo.Chart", "Demo.Chart\Demo.Chart.csproj", "{864EECED-CB7A-4BB6-8CCE-54120AA8F554}"
EndProject
Project("{FAE04EC0-301F-11D3-BF4B-00C04F79EFBC}") = "Demo.Capture", "Demo.Capture\Demo.Capture.csproj", "{2BFBF224-6C3E-4432-9E2B-24C6627048DA}"
EndProject
Project("{FAE04EC0-301F-11D3-BF4B-00C04F79EFBC}") = "Demo.Mdi", "Demo.MdiClient\Demo.Mdi.csproj", "{A982AD2C-7E7A-4B24-96F1-D1AC66562C89}"
EndProject
Project("{FAE04EC0-301F-11D3-BF4B-00C04F79EFBC}") = "Demo.UI", "Demo.UI\Demo.UI.csproj", "{EB80B12F-A75C-46BE-840E-417B49E126D9}"
EndProject
Global
	GlobalSection(SolutionConfigurationPlatforms) = preSolution
		Debug|Any CPU = Debug|Any CPU
		Debug|Mixed Platforms = Debug|Mixed Platforms
		Debug|x86 = Debug|x86
		Release|Any CPU = Release|Any CPU
		Release|Mixed Platforms = Release|Mixed Platforms
		Release|x86 = Release|x86
	EndGlobalSection
	GlobalSection(ProjectConfigurationPlatforms) = postSolution
		{CD89E930-B8EF-48AF-9EFE-D78EFB313C76}.Debug|Any CPU.ActiveCfg = Debug|Any CPU
		{CD89E930-B8EF-48AF-9EFE-D78EFB313C76}.Debug|Any CPU.Build.0 = Debug|Any CPU
		{CD89E930-B8EF-48AF-9EFE-D78EFB313C76}.Debug|Mixed Platforms.ActiveCfg = Debug|Any CPU
		{CD89E930-B8EF-48AF-9EFE-D78EFB313C76}.Debug|Mixed Platforms.Build.0 = Debug|Any CPU
		{CD89E930-B8EF-48AF-9EFE-D78EFB313C76}.Debug|x86.ActiveCfg = Debug|Any CPU
		{CD89E930-B8EF-48AF-9EFE-D78EFB313C76}.Release|Any CPU.ActiveCfg = Release|Any CPU
		{CD89E930-B8EF-48AF-9EFE-D78EFB313C76}.Release|Any CPU.Build.0 = Release|Any CPU
		{CD89E930-B8EF-48AF-9EFE-D78EFB313C76}.Release|Mixed Platforms.ActiveCfg = Release|Any CPU
		{CD89E930-B8EF-48AF-9EFE-D78EFB313C76}.Release|Mixed Platforms.Build.0 = Release|Any CPU
		{CD89E930-B8EF-48AF-9EFE-D78EFB313C76}.Release|x86.ActiveCfg = Release|Any CPU
		{38BCD58B-3924-4F7A-9F80-ABBDDB0A8733}.Debug|Any CPU.ActiveCfg = Debug|Any CPU
		{38BCD58B-3924-4F7A-9F80-ABBDDB0A8733}.Debug|Any CPU.Build.0 = Debug|Any CPU
		{38BCD58B-3924-4F7A-9F80-ABBDDB0A8733}.Debug|Mixed Platforms.ActiveCfg = Debug|Any CPU
		{38BCD58B-3924-4F7A-9F80-ABBDDB0A8733}.Debug|Mixed Platforms.Build.0 = Debug|Any CPU
		{38BCD58B-3924-4F7A-9F80-ABBDDB0A8733}.Debug|x86.ActiveCfg = Debug|Any CPU
		{38BCD58B-3924-4F7A-9F80-ABBDDB0A8733}.Release|Any CPU.ActiveCfg = Release|Any CPU
		{38BCD58B-3924-4F7A-9F80-ABBDDB0A8733}.Release|Any CPU.Build.0 = Release|Any CPU
		{38BCD58B-3924-4F7A-9F80-ABBDDB0A8733}.Release|Mixed Platforms.ActiveCfg = Release|Any CPU
		{38BCD58B-3924-4F7A-9F80-ABBDDB0A8733}.Release|Mixed Platforms.Build.0 = Release|Any CPU
		{38BCD58B-3924-4F7A-9F80-ABBDDB0A8733}.Release|x86.ActiveCfg = Release|Any CPU
		{BC3ABAF6-2430-4770-A9DE-BEB39D4E5ED8}.Debug|Any CPU.ActiveCfg = Debug|Any CPU
		{BC3ABAF6-2430-4770-A9DE-BEB39D4E5ED8}.Debug|Any CPU.Build.0 = Debug|Any CPU
		{BC3ABAF6-2430-4770-A9DE-BEB39D4E5ED8}.Debug|Mixed Platforms.ActiveCfg = Debug|Any CPU
		{BC3ABAF6-2430-4770-A9DE-BEB39D4E5ED8}.Debug|Mixed Platforms.Build.0 = Debug|Any CPU
		{BC3ABAF6-2430-4770-A9DE-BEB39D4E5ED8}.Debug|x86.ActiveCfg = Debug|Any CPU
		{BC3ABAF6-2430-4770-A9DE-BEB39D4E5ED8}.Release|Any CPU.ActiveCfg = Release|Any CPU
		{BC3ABAF6-2430-4770-A9DE-BEB39D4E5ED8}.Release|Any CPU.Build.0 = Release|Any CPU
		{BC3ABAF6-2430-4770-A9DE-BEB39D4E5ED8}.Release|Mixed Platforms.ActiveCfg = Release|Any CPU
		{BC3ABAF6-2430-4770-A9DE-BEB39D4E5ED8}.Release|Mixed Platforms.Build.0 = Release|Any CPU
		{BC3ABAF6-2430-4770-A9DE-BEB39D4E5ED8}.Release|x86.ActiveCfg = Release|Any CPU
		{052319C6-E01F-4B28-969B-B9101878F67A}.Debug|Any CPU.ActiveCfg = Debug|Any CPU
		{052319C6-E01F-4B28-969B-B9101878F67A}.Debug|Any CPU.Build.0 = Debug|Any CPU
		{052319C6-E01F-4B28-969B-B9101878F67A}.Debug|Mixed Platforms.ActiveCfg = Debug|Any CPU
		{052319C6-E01F-4B28-969B-B9101878F67A}.Debug|Mixed Platforms.Build.0 = Debug|Any CPU
		{052319C6-E01F-4B28-969B-B9101878F67A}.Debug|x86.ActiveCfg = Debug|Any CPU
		{052319C6-E01F-4B28-969B-B9101878F67A}.Release|Any CPU.ActiveCfg = Release|Any CPU
		{052319C6-E01F-4B28-969B-B9101878F67A}.Release|Any CPU.Build.0 = Release|Any CPU
		{052319C6-E01F-4B28-969B-B9101878F67A}.Release|Mixed Platforms.ActiveCfg = Release|Any CPU
		{052319C6-E01F-4B28-969B-B9101878F67A}.Release|Mixed Platforms.Build.0 = Release|Any CPU
		{052319C6-E01F-4B28-969B-B9101878F67A}.Release|x86.ActiveCfg = Release|Any CPU
		{ECBC6249-B354-44FD-83C5-78ECD9FE473A}.Debug|Any CPU.ActiveCfg = Debug|x86
		{ECBC6249-B354-44FD-83C5-78ECD9FE473A}.Debug|Mixed Platforms.ActiveCfg = Debug|x86
		{ECBC6249-B354-44FD-83C5-78ECD9FE473A}.Debug|Mixed Platforms.Build.0 = Debug|x86
		{ECBC6249-B354-44FD-83C5-78ECD9FE473A}.Debug|x86.ActiveCfg = Debug|x86
		{ECBC6249-B354-44FD-83C5-78ECD9FE473A}.Debug|x86.Build.0 = Debug|x86
		{ECBC6249-B354-44FD-83C5-78ECD9FE473A}.Release|Any CPU.ActiveCfg = Release|x86
		{ECBC6249-B354-44FD-83C5-78ECD9FE473A}.Release|Mixed Platforms.ActiveCfg = Release|x86
		{ECBC6249-B354-44FD-83C5-78ECD9FE473A}.Release|Mixed Platforms.Build.0 = Release|x86
		{ECBC6249-B354-44FD-83C5-78ECD9FE473A}.Release|x86.ActiveCfg = Release|x86
		{ECBC6249-B354-44FD-83C5-78ECD9FE473A}.Release|x86.Build.0 = Release|x86
		{F4C629F0-9B0B-4254-A8E1-B5D8960E6337}.Debug|Any CPU.ActiveCfg = Debug|x86
		{F4C629F0-9B0B-4254-A8E1-B5D8960E6337}.Debug|Mixed Platforms.ActiveCfg = Debug|x86
		{F4C629F0-9B0B-4254-A8E1-B5D8960E6337}.Debug|Mixed Platforms.Build.0 = Debug|x86
		{F4C629F0-9B0B-4254-A8E1-B5D8960E6337}.Debug|x86.ActiveCfg = Debug|x86
		{F4C629F0-9B0B-4254-A8E1-B5D8960E6337}.Debug|x86.Build.0 = Debug|x86
		{F4C629F0-9B0B-4254-A8E1-B5D8960E6337}.Release|Any CPU.ActiveCfg = Release|x86
		{F4C629F0-9B0B-4254-A8E1-B5D8960E6337}.Release|Mixed Platforms.ActiveCfg = Release|x86
		{F4C629F0-9B0B-4254-A8E1-B5D8960E6337}.Release|Mixed Platforms.Build.0 = Release|x86
		{F4C629F0-9B0B-4254-A8E1-B5D8960E6337}.Release|x86.ActiveCfg = Release|x86
		{F4C629F0-9B0B-4254-A8E1-B5D8960E6337}.Release|x86.Build.0 = Release|x86
		{080D76B7-25C3-4A87-8048-FD80F87E7EBA}.Debug|Any CPU.ActiveCfg = Debug|Any CPU
		{080D76B7-25C3-4A87-8048-FD80F87E7EBA}.Debug|Any CPU.Build.0 = Debug|Any CPU
		{080D76B7-25C3-4A87-8048-FD80F87E7EBA}.Debug|Mixed Platforms.ActiveCfg = Debug|Any CPU
		{080D76B7-25C3-4A87-8048-FD80F87E7EBA}.Debug|Mixed Platforms.Build.0 = Debug|Any CPU
		{080D76B7-25C3-4A87-8048-FD80F87E7EBA}.Debug|x86.ActiveCfg = Debug|Any CPU
		{080D76B7-25C3-4A87-8048-FD80F87E7EBA}.Debug|x86.Build.0 = Debug|Any CPU
		{080D76B7-25C3-4A87-8048-FD80F87E7EBA}.Release|Any CPU.ActiveCfg = Release|Any CPU
		{080D76B7-25C3-4A87-8048-FD80F87E7EBA}.Release|Any CPU.Build.0 = Release|Any CPU
		{080D76B7-25C3-4A87-8048-FD80F87E7EBA}.Release|Mixed Platforms.ActiveCfg = Release|Any CPU
		{080D76B7-25C3-4A87-8048-FD80F87E7EBA}.Release|Mixed Platforms.Build.0 = Release|Any CPU
		{080D76B7-25C3-4A87-8048-FD80F87E7EBA}.Release|x86.ActiveCfg = Release|Any CPU
		{080D76B7-25C3-4A87-8048-FD80F87E7EBA}.Release|x86.Build.0 = Release|Any CPU
		{85A55470-E922-4E9E-BB72-CF6E1D06B344}.Debug|Any CPU.ActiveCfg = Debug|Any CPU
		{85A55470-E922-4E9E-BB72-CF6E1D06B344}.Debug|Any CPU.Build.0 = Debug|Any CPU
		{85A55470-E922-4E9E-BB72-CF6E1D06B344}.Debug|Mixed Platforms.ActiveCfg = Debug|Any CPU
		{85A55470-E922-4E9E-BB72-CF6E1D06B344}.Debug|Mixed Platforms.Build.0 = Debug|Any CPU
		{85A55470-E922-4E9E-BB72-CF6E1D06B344}.Debug|x86.ActiveCfg = Debug|Any CPU
		{85A55470-E922-4E9E-BB72-CF6E1D06B344}.Debug|x86.Build.0 = Debug|Any CPU
		{85A55470-E922-4E9E-BB72-CF6E1D06B344}.Release|Any CPU.ActiveCfg = Release|Any CPU
		{85A55470-E922-4E9E-BB72-CF6E1D06B344}.Release|Any CPU.Build.0 = Release|Any CPU
		{85A55470-E922-4E9E-BB72-CF6E1D06B344}.Release|Mixed Platforms.ActiveCfg = Release|Any CPU
		{85A55470-E922-4E9E-BB72-CF6E1D06B344}.Release|Mixed Platforms.Build.0 = Release|Any CPU
		{85A55470-E922-4E9E-BB72-CF6E1D06B344}.Release|x86.ActiveCfg = Release|Any CPU
		{85A55470-E922-4E9E-BB72-CF6E1D06B344}.Release|x86.Build.0 = Release|Any CPU
		{F2CBAEDF-3E6A-40CE-A85F-B5A9F7EB1877}.Debug|Any CPU.ActiveCfg = Debug|Any CPU
		{F2CBAEDF-3E6A-40CE-A85F-B5A9F7EB1877}.Debug|Any CPU.Build.0 = Debug|Any CPU
		{F2CBAEDF-3E6A-40CE-A85F-B5A9F7EB1877}.Debug|Mixed Platforms.ActiveCfg = Debug|Any CPU
		{F2CBAEDF-3E6A-40CE-A85F-B5A9F7EB1877}.Debug|Mixed Platforms.Build.0 = Debug|Any CPU
		{F2CBAEDF-3E6A-40CE-A85F-B5A9F7EB1877}.Debug|x86.ActiveCfg = Debug|Any CPU
		{F2CBAEDF-3E6A-40CE-A85F-B5A9F7EB1877}.Debug|x86.Build.0 = Debug|Any CPU
		{F2CBAEDF-3E6A-40CE-A85F-B5A9F7EB1877}.Release|Any CPU.ActiveCfg = Release|Any CPU
		{F2CBAEDF-3E6A-40CE-A85F-B5A9F7EB1877}.Release|Any CPU.Build.0 = Release|Any CPU
		{F2CBAEDF-3E6A-40CE-A85F-B5A9F7EB1877}.Release|Mixed Platforms.ActiveCfg = Release|Any CPU
		{F2CBAEDF-3E6A-40CE-A85F-B5A9F7EB1877}.Release|Mixed Platforms.Build.0 = Release|Any CPU
		{F2CBAEDF-3E6A-40CE-A85F-B5A9F7EB1877}.Release|x86.ActiveCfg = Release|Any CPU
		{F2CBAEDF-3E6A-40CE-A85F-B5A9F7EB1877}.Release|x86.Build.0 = Release|Any CPU
		{2F6FDF12-11BD-4CC8-8804-73A7210CEE3E}.Debug|Any CPU.ActiveCfg = Debug|Any CPU
		{2F6FDF12-11BD-4CC8-8804-73A7210CEE3E}.Debug|Any CPU.Build.0 = Debug|Any CPU
		{2F6FDF12-11BD-4CC8-8804-73A7210CEE3E}.Debug|Mixed Platforms.ActiveCfg = Debug|Any CPU
		{2F6FDF12-11BD-4CC8-8804-73A7210CEE3E}.Debug|Mixed Platforms.Build.0 = Debug|Any CPU
		{2F6FDF12-11BD-4CC8-8804-73A7210CEE3E}.Debug|x86.ActiveCfg = Debug|Any CPU
		{2F6FDF12-11BD-4CC8-8804-73A7210CEE3E}.Debug|x86.Build.0 = Debug|Any CPU
		{2F6FDF12-11BD-4CC8-8804-73A7210CEE3E}.Release|Any CPU.ActiveCfg = Release|Any CPU
		{2F6FDF12-11BD-4CC8-8804-73A7210CEE3E}.Release|Any CPU.Build.0 = Release|Any CPU
		{2F6FDF12-11BD-4CC8-8804-73A7210CEE3E}.Release|Mixed Platforms.ActiveCfg = Release|Any CPU
		{2F6FDF12-11BD-4CC8-8804-73A7210CEE3E}.Release|Mixed Platforms.Build.0 = Release|Any CPU
		{2F6FDF12-11BD-4CC8-8804-73A7210CEE3E}.Release|x86.ActiveCfg = Release|Any CPU
		{2F6FDF12-11BD-4CC8-8804-73A7210CEE3E}.Release|x86.Build.0 = Release|Any CPU
		{E5AF983C-818B-4831-9CB9-003E3C47C9B1}.Debug|Any CPU.ActiveCfg = Debug|Any CPU
		{E5AF983C-818B-4831-9CB9-003E3C47C9B1}.Debug|Any CPU.Build.0 = Debug|Any CPU
		{E5AF983C-818B-4831-9CB9-003E3C47C9B1}.Debug|Mixed Platforms.ActiveCfg = Debug|Any CPU
		{E5AF983C-818B-4831-9CB9-003E3C47C9B1}.Debug|Mixed Platforms.Build.0 = Debug|Any CPU
		{E5AF983C-818B-4831-9CB9-003E3C47C9B1}.Debug|x86.ActiveCfg = Debug|Any CPU
		{E5AF983C-818B-4831-9CB9-003E3C47C9B1}.Debug|x86.Build.0 = Debug|Any CPU
		{E5AF983C-818B-4831-9CB9-003E3C47C9B1}.Release|Any CPU.ActiveCfg = Release|Any CPU
		{E5AF983C-818B-4831-9CB9-003E3C47C9B1}.Release|Any CPU.Build.0 = Release|Any CPU
		{E5AF983C-818B-4831-9CB9-003E3C47C9B1}.Release|Mixed Platforms.ActiveCfg = Release|Any CPU
		{E5AF983C-818B-4831-9CB9-003E3C47C9B1}.Release|Mixed Platforms.Build.0 = Release|Any CPU
		{E5AF983C-818B-4831-9CB9-003E3C47C9B1}.Release|x86.ActiveCfg = Release|Any CPU
		{E5AF983C-818B-4831-9CB9-003E3C47C9B1}.Release|x86.Build.0 = Release|Any CPU
		{864EECED-CB7A-4BB6-8CCE-54120AA8F554}.Debug|Any CPU.ActiveCfg = Debug|Any CPU
		{864EECED-CB7A-4BB6-8CCE-54120AA8F554}.Debug|Any CPU.Build.0 = Debug|Any CPU
		{864EECED-CB7A-4BB6-8CCE-54120AA8F554}.Debug|Mixed Platforms.ActiveCfg = Debug|Any CPU
		{864EECED-CB7A-4BB6-8CCE-54120AA8F554}.Debug|Mixed Platforms.Build.0 = Debug|Any CPU
		{864EECED-CB7A-4BB6-8CCE-54120AA8F554}.Debug|x86.ActiveCfg = Debug|Any CPU
		{864EECED-CB7A-4BB6-8CCE-54120AA8F554}.Debug|x86.Build.0 = Debug|Any CPU
		{864EECED-CB7A-4BB6-8CCE-54120AA8F554}.Release|Any CPU.ActiveCfg = Release|Any CPU
		{864EECED-CB7A-4BB6-8CCE-54120AA8F554}.Release|Any CPU.Build.0 = Release|Any CPU
		{864EECED-CB7A-4BB6-8CCE-54120AA8F554}.Release|Mixed Platforms.ActiveCfg = Release|Any CPU
		{864EECED-CB7A-4BB6-8CCE-54120AA8F554}.Release|Mixed Platforms.Build.0 = Release|Any CPU
		{864EECED-CB7A-4BB6-8CCE-54120AA8F554}.Release|x86.ActiveCfg = Release|Any CPU
		{864EECED-CB7A-4BB6-8CCE-54120AA8F554}.Release|x86.Build.0 = Release|Any CPU
		{2BFBF224-6C3E-4432-9E2B-24C6627048DA}.Debug|Any CPU.ActiveCfg = Debug|Any CPU
		{2BFBF224-6C3E-4432-9E2B-24C6627048DA}.Debug|Any CPU.Build.0 = Debug|Any CPU
		{2BFBF224-6C3E-4432-9E2B-24C6627048DA}.Debug|Mixed Platforms.ActiveCfg = Debug|Any CPU
		{2BFBF224-6C3E-4432-9E2B-24C6627048DA}.Debug|Mixed Platforms.Build.0 = Debug|Any CPU
		{2BFBF224-6C3E-4432-9E2B-24C6627048DA}.Debug|x86.ActiveCfg = Debug|Any CPU
		{2BFBF224-6C3E-4432-9E2B-24C6627048DA}.Debug|x86.Build.0 = Debug|Any CPU
		{2BFBF224-6C3E-4432-9E2B-24C6627048DA}.Release|Any CPU.ActiveCfg = Release|Any CPU
		{2BFBF224-6C3E-4432-9E2B-24C6627048DA}.Release|Any CPU.Build.0 = Release|Any CPU
		{2BFBF224-6C3E-4432-9E2B-24C6627048DA}.Release|Mixed Platforms.ActiveCfg = Release|Any CPU
		{2BFBF224-6C3E-4432-9E2B-24C6627048DA}.Release|Mixed Platforms.Build.0 = Release|Any CPU
		{2BFBF224-6C3E-4432-9E2B-24C6627048DA}.Release|x86.ActiveCfg = Release|Any CPU
		{2BFBF224-6C3E-4432-9E2B-24C6627048DA}.Release|x86.Build.0 = Release|Any CPU
		{A982AD2C-7E7A-4B24-96F1-D1AC66562C89}.Debug|Any CPU.ActiveCfg = Debug|Any CPU
		{A982AD2C-7E7A-4B24-96F1-D1AC66562C89}.Debug|Any CPU.Build.0 = Debug|Any CPU
		{A982AD2C-7E7A-4B24-96F1-D1AC66562C89}.Debug|Mixed Platforms.ActiveCfg = Debug|Any CPU
		{A982AD2C-7E7A-4B24-96F1-D1AC66562C89}.Debug|Mixed Platforms.Build.0 = Debug|Any CPU
		{A982AD2C-7E7A-4B24-96F1-D1AC66562C89}.Debug|x86.ActiveCfg = Debug|Any CPU
		{A982AD2C-7E7A-4B24-96F1-D1AC66562C89}.Debug|x86.Build.0 = Debug|Any CPU
		{A982AD2C-7E7A-4B24-96F1-D1AC66562C89}.Release|Any CPU.ActiveCfg = Release|Any CPU
		{A982AD2C-7E7A-4B24-96F1-D1AC66562C89}.Release|Any CPU.Build.0 = Release|Any CPU
		{A982AD2C-7E7A-4B24-96F1-D1AC66562C89}.Release|Mixed Platforms.ActiveCfg = Release|Any CPU
		{A982AD2C-7E7A-4B24-96F1-D1AC66562C89}.Release|Mixed Platforms.Build.0 = Release|Any CPU
		{A982AD2C-7E7A-4B24-96F1-D1AC66562C89}.Release|x86.ActiveCfg = Release|Any CPU
		{A982AD2C-7E7A-4B24-96F1-D1AC66562C89}.Release|x86.Build.0 = Release|Any CPU
		{EB80B12F-A75C-46BE-840E-417B49E126D9}.Debug|Any CPU.ActiveCfg = Debug|Any CPU
		{EB80B12F-A75C-46BE-840E-417B49E126D9}.Debug|Any CPU.Build.0 = Debug|Any CPU
		{EB80B12F-A75C-46BE-840E-417B49E126D9}.Debug|Mixed Platforms.ActiveCfg = Debug|Any CPU
		{EB80B12F-A75C-46BE-840E-417B49E126D9}.Debug|Mixed Platforms.Build.0 = Debug|Any CPU
		{EB80B12F-A75C-46BE-840E-417B49E126D9}.Debug|x86.ActiveCfg = Debug|Any CPU
		{EB80B12F-A75C-46BE-840E-417B49E126D9}.Debug|x86.Build.0 = Debug|Any CPU
		{EB80B12F-A75C-46BE-840E-417B49E126D9}.Release|Any CPU.ActiveCfg = Release|Any CPU
		{EB80B12F-A75C-46BE-840E-417B49E126D9}.Release|Any CPU.Build.0 = Release|Any CPU
		{EB80B12F-A75C-46BE-840E-417B49E126D9}.Release|Mixed Platforms.ActiveCfg = Release|Any CPU
		{EB80B12F-A75C-46BE-840E-417B49E126D9}.Release|Mixed Platforms.Build.0 = Release|Any CPU
		{EB80B12F-A75C-46BE-840E-417B49E126D9}.Release|x86.ActiveCfg = Release|Any CPU
		{EB80B12F-A75C-46BE-840E-417B49E126D9}.Release|x86.Build.0 = Release|Any CPU
	EndGlobalSection
	GlobalSection(SolutionProperties) = preSolution
		HideSolutionNode = FALSE
	EndGlobalSection
	GlobalSection(NestedProjects) = preSolution
		{ECBC6249-B354-44FD-83C5-78ECD9FE473A} = {3128B517-CD5F-4A37-90EB-E184E556CB74}
		{0BD50488-BF13-47E7-AC41-17532EE9585D} = {BAD78ADE-D0C0-4B8F-A925-6F94CBC5EB39}
		{43E998BA-26C7-4E95-8CEC-614F0BA3075B} = {BAD78ADE-D0C0-4B8F-A925-6F94CBC5EB39}
		{3F5ACB6D-5853-4C87-8F0F-A2B266008CEF} = {BAD78ADE-D0C0-4B8F-A925-6F94CBC5EB39}
		{87D987FC-4BEC-4C0A-991E-2E46E2F4EBC2} = {BAD78ADE-D0C0-4B8F-A925-6F94CBC5EB39}
		{F4C629F0-9B0B-4254-A8E1-B5D8960E6337} = {FE74BC2D-B74D-4B99-BE6A-82B826CC177C}
		{080D76B7-25C3-4A87-8048-FD80F87E7EBA} = {FE74BC2D-B74D-4B99-BE6A-82B826CC177C}
		{85A55470-E922-4E9E-BB72-CF6E1D06B344} = {FE74BC2D-B74D-4B99-BE6A-82B826CC177C}
		{F2CBAEDF-3E6A-40CE-A85F-B5A9F7EB1877} = {FE74BC2D-B74D-4B99-BE6A-82B826CC177C}
		{2F6FDF12-11BD-4CC8-8804-73A7210CEE3E} = {FE74BC2D-B74D-4B99-BE6A-82B826CC177C}
		{E5AF983C-818B-4831-9CB9-003E3C47C9B1} = {FE74BC2D-B74D-4B99-BE6A-82B826CC177C}
		{864EECED-CB7A-4BB6-8CCE-54120AA8F554} = {FE74BC2D-B74D-4B99-BE6A-82B826CC177C}
		{2BFBF224-6C3E-4432-9E2B-24C6627048DA} = {FE74BC2D-B74D-4B99-BE6A-82B826CC177C}
		{A982AD2C-7E7A-4B24-96F1-D1AC66562C89} = {FE74BC2D-B74D-4B99-BE6A-82B826CC177C}
		{EB80B12F-A75C-46BE-840E-417B49E126D9} = {FE74BC2D-B74D-4B99-BE6A-82B826CC177C}
	EndGlobalSection
EndGlobal
